
Microsoft Visual Studio Solution File, Format Version 12.00
# Visual Studio Version 16
VisualStudioVersion = 16.0.30804.86
MinimumVisualStudioVersion = 10.0.40219.1
Project("{FAE04EC0-301F-11D3-BF4B-00C04F79EFBC}") = "Post", "Post.csproj", "{94A4EB16-A208-4606-8A3E-E23BB54A0FC4}"
EndProject
Global
	GlobalSection(SolutionConfigurationPlatforms) = preSolution
		Debug|Any CPU = Debug|Any CPU
		Release|Any CPU = Release|Any CPU
	EndGlobalSection
	GlobalSection(ProjectConfigurationPlatforms) = postSolution
		{94A4EB16-A208-4606-8A3E-E23BB54A0FC4}.Debug|Any CPU.ActiveCfg = Debug|Any CPU
		{94A4EB16-A208-4606-8A3E-E23BB54A0FC4}.Debug|Any CPU.Build.0 = Debug|Any CPU
		{94A4EB16-A208-4606-8A3E-E23BB54A0FC4}.Release|Any CPU.ActiveCfg = Release|Any CPU
		{94A4EB16-A208-4606-8A3E-E23BB54A0FC4}.Release|Any CPU.Build.0 = Release|Any CPU
	EndGlobalSection
	GlobalSection(SolutionProperties) = preSolution
		HideSolutionNode = FALSE
	EndGlobalSection
	GlobalSection(ExtensibilityGlobals) = postSolution
		SolutionGuid = {1B283DDE-09DD-4B89-92CE-CE5AEACE44CB}
	EndGlobalSection
EndGlobal
